
Microsoft Visual Studio Solution File, Format Version 12.00
# Visual Studio Version 16
VisualStudioVersion = 16.0.31205.134
MinimumVisualStudioVersion = 10.0.40219.1
Project("{FAE04EC0-301F-11D3-BF4B-00C04F79EFBC}") = "ders_16032022", "ders_16032022\ders_16032022.csproj", "{FE305916-6ED4-494B-9501-8AF83FE3BC54}"
EndProject
Global
	GlobalSection(SolutionConfigurationPlatforms) = preSolution
		Debug|Any CPU = Debug|Any CPU
		Release|Any CPU = Release|Any CPU
	EndGlobalSection
	GlobalSection(ProjectConfigurationPlatforms) = postSolution
		{FE305916-6ED4-494B-9501-8AF83FE3BC54}.Debug|Any CPU.ActiveCfg = Debug|Any CPU
		{FE305916-6ED4-494B-9501-8AF83FE3BC54}.Debug|Any CPU.Build.0 = Debug|Any CPU
		{FE305916-6ED4-494B-9501-8AF83FE3BC54}.Release|Any CPU.ActiveCfg = Release|Any CPU
		{FE305916-6ED4-494B-9501-8AF83FE3BC54}.Release|Any CPU.Build.0 = Release|Any CPU
	EndGlobalSection
	GlobalSection(SolutionProperties) = preSolution
		HideSolutionNode = FALSE
	EndGlobalSection
	GlobalSection(ExtensibilityGlobals) = postSolution
		SolutionGuid = {FE0C1FA3-1004-483C-8449-29EAE88DC282}
	EndGlobalSection
EndGlobal
