
Microsoft Visual Studio Solution File, Format Version 12.00
# Visual Studio Version 16
VisualStudioVersion = 16.0.31702.278
MinimumVisualStudioVersion = 10.0.40219.1
Project("{FAE04EC0-301F-11D3-BF4B-00C04F79EFBC}") = "ders_070122", "ders_070122\ders_070122.csproj", "{BBE82713-EDD8-437A-A80B-2E77418A2112}"
EndProject
Global
	GlobalSection(SolutionConfigurationPlatforms) = preSolution
		Debug|Any CPU = Debug|Any CPU
		Release|Any CPU = Release|Any CPU
	EndGlobalSection
	GlobalSection(ProjectConfigurationPlatforms) = postSolution
		{BBE82713-EDD8-437A-A80B-2E77418A2112}.Debug|Any CPU.ActiveCfg = Debug|Any CPU
		{BBE82713-EDD8-437A-A80B-2E77418A2112}.Debug|Any CPU.Build.0 = Debug|Any CPU
		{BBE82713-EDD8-437A-A80B-2E77418A2112}.Release|Any CPU.ActiveCfg = Release|Any CPU
		{BBE82713-EDD8-437A-A80B-2E77418A2112}.Release|Any CPU.Build.0 = Release|Any CPU
	EndGlobalSection
	GlobalSection(SolutionProperties) = preSolution
		HideSolutionNode = FALSE
	EndGlobalSection
	GlobalSection(ExtensibilityGlobals) = postSolution
		SolutionGuid = {5CDB51F5-365B-416B-926A-FDF613473B15}
	EndGlobalSection
EndGlobal
