
Microsoft Visual Studio Solution File, Format Version 12.00
# Visual Studio Version 16
VisualStudioVersion = 16.0.31702.278
MinimumVisualStudioVersion = 10.0.40219.1
Project("{FAE04EC0-301F-11D3-BF4B-00C04F79EFBC}") = "ilkProjem", "ilkProjem\ilkProjem.csproj", "{0CB94D7A-892A-4892-AA2C-E3D68361AC92}"
EndProject
Global
	GlobalSection(SolutionConfigurationPlatforms) = preSolution
		Debug|Any CPU = Debug|Any CPU
		Release|Any CPU = Release|Any CPU
	EndGlobalSection
	GlobalSection(ProjectConfigurationPlatforms) = postSolution
		{0CB94D7A-892A-4892-AA2C-E3D68361AC92}.Debug|Any CPU.ActiveCfg = Debug|Any CPU
		{0CB94D7A-892A-4892-AA2C-E3D68361AC92}.Debug|Any CPU.Build.0 = Debug|Any CPU
		{0CB94D7A-892A-4892-AA2C-E3D68361AC92}.Release|Any CPU.ActiveCfg = Release|Any CPU
		{0CB94D7A-892A-4892-AA2C-E3D68361AC92}.Release|Any CPU.Build.0 = Release|Any CPU
	EndGlobalSection
	GlobalSection(SolutionProperties) = preSolution
		HideSolutionNode = FALSE
	EndGlobalSection
	GlobalSection(ExtensibilityGlobals) = postSolution
		SolutionGuid = {33C6571E-78E6-4158-A084-EC909EE40BFF}
	EndGlobalSection
EndGlobal
